{
  "object": {
    "pins": [
      {
        "package": "BigInt",
        "repositoryURL": "https://github.com/Boilertalk/BigInt.swift.git",
        "state": {
          "branch": null,
          "revision": "fd9b2ebff53e7fd211a7d2b2ea682db300a8571b",
          "version": "1.0.0"
        }
      },
      {
        "package": "Cryptor",
        "repositoryURL": "https://github.com/IBM-Swift/BlueCryptor.git",
        "state": {
          "branch": null,
          "revision": "6f79b4ea0a7ef8acb08ba3f3e23da32e83acaca3",
          "version": "1.0.28"
        }
      },
      {
        "package": "CLibSodium",
        "repositoryURL": "https://github.com/Bouke/CLibSodium.git",
        "state": {
          "branch": null,
          "revision": "0244e3b03f41bb4e144ea290aeb6c494e5b7e9e0",
          "version": "2.0.0"
        }
      },
      {
        "package": "CommandLineKit",
        "repositoryURL": "https://github.com/pvieito/CommandLineKit.git",
        "state": {
          "branch": "master",
          "revision": "698faa52e6de9ecf6aac8429dfaf0effa5be2257",
          "version": null
        }
      },
      {
        "package": "Evergreen",
        "repositoryURL": "https://github.com/Bouke/Evergreen.git",
        "state": {
          "branch": null,
          "revision": "4d9d17d6efca12398de2b0a4c9c5a4eacc556e03",
          "version": "2.0.0"
        }
      },
      {
        "package": "HAP",
        "repositoryURL": "https://github.com/Brett-Best/HAP.git",
        "state": {
          "branch": "feature/characteristic-callbacks",
          "revision": "5f95b6de2d5f91bba9af6b2b2713b3d0713d3486",
          "version": null
        }
      },
      {
        "package": "HKDF",
        "repositoryURL": "https://github.com/Bouke/HKDF.git",
        "state": {
          "branch": null,
          "revision": "9b9e521b49e5b529c33f4abe35a00e144af51e00",
          "version": "3.1.0"
        }
      },
      {
        "package": "LoggerKit",
        "repositoryURL": "https://github.com/pvieito/LoggerKit.git",
        "state": {
          "branch": "master",
          "revision": "32d3eedcf4b7014cf89757f8a5f06beaff1eb5ff",
          "version": null
        }
      },
      {
        "package": "PythonTool",
        "repositoryURL": "https://github.com/pvieito/PythonKit.git",
        "state": {
          "branch": "master",
          "revision": "29e05a7f7174d9aa64f1b3713fee9f5161b84a51",
          "version": null
        }
      },
      {
        "package": "Rainbow",
        "repositoryURL": "https://github.com/onevcat/Rainbow",
        "state": {
          "branch": "master",
          "revision": "9c52c1952e9b2305d4507cf473392ac2d7c9b155",
          "version": null
        }
      },
      {
        "package": "Regex",
        "repositoryURL": "https://github.com/crossroadlabs/Regex.git",
        "state": {
          "branch": null,
          "revision": "166728756082a9cac6e4aed3ebbce8e41cb3a945",
          "version": "1.2.0"
        }
      },
      {
        "package": "SRP",
        "repositoryURL": "https://github.com/Bouke/SRP.git",
        "state": {
          "branch": null,
          "revision": "9f3d77de5dbaac52d30b1d51d75e853fabb8fa8b",
          "version": "3.1.0"
        }
      },
      {
        "package": "swift-nio",
        "repositoryURL": "https://github.com/apple/swift-nio.git",
        "state": {
          "branch": null,
          "revision": "ba7970fe396e8198b84c6c1b44b38a1d4e2eb6bd",
          "version": "1.14.1"
        }
      },
      {
        "package": "swift-nio-zlib-support",
        "repositoryURL": "https://github.com/apple/swift-nio-zlib-support.git",
        "state": {
          "branch": null,
          "revision": "37760e9a52030bb9011972c5213c3350fa9d41fd",
          "version": "1.0.0"
        }
      },
      {
        "package": "SwiftyGPIO",
        "repositoryURL": "https://github.com/uraimo/SwiftyGPIO.git",
        "state": {
          "branch": "master",
          "revision": "031cba7073211592e57bedf4418db0595270b50e",
          "version": null
        }
      }
    ]
  },
  "version": 1
}
